
Microsoft Visual Studio Solution File, Format Version 12.00
# Visual Studio Version 16
VisualStudioVersion = 16.0.31727.386
MinimumVisualStudioVersion = 10.0.40219.1
Project("{FAE04EC0-301F-11D3-BF4B-00C04F79EFBC}") = "Lab6_1", "Lab6_1.csproj", "{754526C2-0361-4925-89B4-888D3C1D977C}"
EndProject
Project("{FAE04EC0-301F-11D3-BF4B-00C04F79EFBC}") = "Lab6_2", "Lab6_2\Lab6_2.csproj", "{F25E15E0-748E-4E7B-9615-5E42872E33D7}"
EndProject
Global
	GlobalSection(SolutionConfigurationPlatforms) = preSolution
		Debug|Any CPU = Debug|Any CPU
		Release|Any CPU = Release|Any CPU
	EndGlobalSection
	GlobalSection(ProjectConfigurationPlatforms) = postSolution
		{754526C2-0361-4925-89B4-888D3C1D977C}.Debug|Any CPU.ActiveCfg = Debug|Any CPU
		{754526C2-0361-4925-89B4-888D3C1D977C}.Debug|Any CPU.Build.0 = Debug|Any CPU
		{754526C2-0361-4925-89B4-888D3C1D977C}.Release|Any CPU.ActiveCfg = Release|Any CPU
		{754526C2-0361-4925-89B4-888D3C1D977C}.Release|Any CPU.Build.0 = Release|Any CPU
		{F25E15E0-748E-4E7B-9615-5E42872E33D7}.Debug|Any CPU.ActiveCfg = Debug|Any CPU
		{F25E15E0-748E-4E7B-9615-5E42872E33D7}.Debug|Any CPU.Build.0 = Debug|Any CPU
		{F25E15E0-748E-4E7B-9615-5E42872E33D7}.Release|Any CPU.ActiveCfg = Release|Any CPU
		{F25E15E0-748E-4E7B-9615-5E42872E33D7}.Release|Any CPU.Build.0 = Release|Any CPU
	EndGlobalSection
	GlobalSection(SolutionProperties) = preSolution
		HideSolutionNode = FALSE
	EndGlobalSection
	GlobalSection(ExtensibilityGlobals) = postSolution
		SolutionGuid = {498E9A58-605F-4011-BBB4-5BE22C9FA6D1}
	EndGlobalSection
EndGlobal
